
Microsoft Visual Studio Solution File, Format Version 12.00
# Visual Studio Version 17
VisualStudioVersion = 17.5.33502.453
MinimumVisualStudioVersion = 10.0.40219.1
Project("{FAE04EC0-301F-11D3-BF4B-00C04F79EFBC}") = "lab04", "lab04\lab04.csproj", "{4FC9D784-AD32-438E-9771-DA5E0A12A7CA}"
EndProject
Project("{FAE04EC0-301F-11D3-BF4B-00C04F79EFBC}") = "lab06", "lab06\lab06.csproj", "{28DF869A-BA5B-491B-BDDC-D36669F3E4CF}"
EndProject
Global
	GlobalSection(SolutionConfigurationPlatforms) = preSolution
		Debug|Any CPU = Debug|Any CPU
		Release|Any CPU = Release|Any CPU
	EndGlobalSection
	GlobalSection(ProjectConfigurationPlatforms) = postSolution
		{4FC9D784-AD32-438E-9771-DA5E0A12A7CA}.Debug|Any CPU.ActiveCfg = Debug|Any CPU
		{4FC9D784-AD32-438E-9771-DA5E0A12A7CA}.Debug|Any CPU.Build.0 = Debug|Any CPU
		{4FC9D784-AD32-438E-9771-DA5E0A12A7CA}.Release|Any CPU.ActiveCfg = Release|Any CPU
		{4FC9D784-AD32-438E-9771-DA5E0A12A7CA}.Release|Any CPU.Build.0 = Release|Any CPU
		{28DF869A-BA5B-491B-BDDC-D36669F3E4CF}.Debug|Any CPU.ActiveCfg = Debug|Any CPU
		{28DF869A-BA5B-491B-BDDC-D36669F3E4CF}.Debug|Any CPU.Build.0 = Debug|Any CPU
		{28DF869A-BA5B-491B-BDDC-D36669F3E4CF}.Release|Any CPU.ActiveCfg = Release|Any CPU
		{28DF869A-BA5B-491B-BDDC-D36669F3E4CF}.Release|Any CPU.Build.0 = Release|Any CPU
	EndGlobalSection
	GlobalSection(SolutionProperties) = preSolution
		HideSolutionNode = FALSE
	EndGlobalSection
	GlobalSection(ExtensibilityGlobals) = postSolution
		SolutionGuid = {1F0198BE-9017-49AC-983F-A954BF9263B8}
	EndGlobalSection
EndGlobal
